
Microsoft Visual Studio Solution File, Format Version 12.00
# Visual Studio 15
VisualStudioVersion = 15.0.27428.2015
MinimumVisualStudioVersion = 10.0.40219.1
Project("{FAE04EC0-301F-11D3-BF4B-00C04F79EFBC}") = "BDDBurger", "BDDBurger\BDDBurger.csproj", "{7AAB1F24-729E-46DE-A054-58CE88D6FDEA}"
EndProject
Global
	GlobalSection(SolutionConfigurationPlatforms) = preSolution
		Debug|Any CPU = Debug|Any CPU
		Release|Any CPU = Release|Any CPU
	EndGlobalSection
	GlobalSection(ProjectConfigurationPlatforms) = postSolution
		{7AAB1F24-729E-46DE-A054-58CE88D6FDEA}.Debug|Any CPU.ActiveCfg = Debug|Any CPU
		{7AAB1F24-729E-46DE-A054-58CE88D6FDEA}.Debug|Any CPU.Build.0 = Debug|Any CPU
		{7AAB1F24-729E-46DE-A054-58CE88D6FDEA}.Release|Any CPU.ActiveCfg = Release|Any CPU
		{7AAB1F24-729E-46DE-A054-58CE88D6FDEA}.Release|Any CPU.Build.0 = Release|Any CPU
	EndGlobalSection
	GlobalSection(SolutionProperties) = preSolution
		HideSolutionNode = FALSE
	EndGlobalSection
	GlobalSection(ExtensibilityGlobals) = postSolution
		SolutionGuid = {B6351456-D791-4946-A1F0-8140C8AD1B21}
	EndGlobalSection
EndGlobal
